// !$*UTF8*$!
{
	archiveVersion = 1;
	classes = {
	};
	objectVersion = 46;
	objects = {

/* Begin PBXBuildFile section */
		7961009E1B8DDBC50012A698 /* AppDelegate.swift in Sources */ = {isa = PBXBuildFile; fileRef = 7961009D1B8DDBC50012A698 /* AppDelegate.swift */; };
		796100A01B8DDBC50012A698 /* ViewController.swift in Sources */ = {isa = PBXBuildFile; fileRef = 7961009F1B8DDBC50012A698 /* ViewController.swift */; };
		796100A31B8DDBC50012A698 /* Main.storyboard in Resources */ = {isa = PBXBuildFile; fileRef = 796100A11B8DDBC50012A698 /* Main.storyboard */; };
		796100A51B8DDBC50012A698 /* Images.xcassets in Resources */ = {isa = PBXBuildFile; fileRef = 796100A41B8DDBC50012A698 /* Images.xcassets */; };
		796100A81B8DDBC50012A698 /* LaunchScreen.xib in Resources */ = {isa = PBXBuildFile; fileRef = 796100A61B8DDBC50012A698 /* LaunchScreen.xib */; };
		796100B41B8DDBC50012A698 /* iOS_Good_PracticesTests.swift in Sources */ = {isa = PBXBuildFile; fileRef = 796100B31B8DDBC50012A698 /* iOS_Good_PracticesTests.swift */; };
/* End PBXBuildFile section */

/* Begin PBXContainerItemProxy section */
		796100AE1B8DDBC50012A698 /* PBXContainerItemProxy */ = {
			isa = PBXContainerItemProxy;
			containerPortal = 796100901B8DDBC50012A698 /* Project object */;
			proxyType = 1;
			remoteGlobalIDString = 796100971B8DDBC50012A698;
			remoteInfo = iOS_Good_Practices;
		};
/* End PBXContainerItemProxy section */

/* Begin PBXFileReference section */
		796100981B8DDBC50012A698 /* iOS_Good_Practices.app */ = {isa = PBXFileReference; explicitFileType = wrapper.application; includeInIndex = 0; path = iOS_Good_Practices.app; sourceTree = BUILT_PRODUCTS_DIR; };
		7961009C1B8DDBC50012A698 /* Info.plist */ = {isa = PBXFileReference; lastKnownFileType = text.plist.xml; path = Info.plist; sourceTree = "<group>"; };
		7961009D1B8DDBC50012A698 /* AppDelegate.swift */ = {isa = PBXFileReference; lastKnownFileType = sourcecode.swift; path = AppDelegate.swift; sourceTree = "<group>"; };
		7961009F1B8DDBC50012A698 /* ViewController.swift */ = {isa = PBXFileReference; lastKnownFileType = sourcecode.swift; path = ViewController.swift; sourceTree = "<group>"; };
		796100A21B8DDBC50012A698 /* Base */ = {isa = PBXFileReference; lastKnownFileType = file.storyboard; name = Base; path = Base.lproj/Main.storyboard; sourceTree = "<group>"; };
		796100A41B8DDBC50012A698 /* Images.xcassets */ = {isa = PBXFileReference; lastKnownFileType = folder.assetcatalog; path = Images.xcassets; sourceTree = "<group>"; };
		796100A71B8DDBC50012A698 /* Base */ = {isa = PBXFileReference; lastKnownFileType = file.xib; name = Base; path = Base.lproj/LaunchScreen.xib; sourceTree = "<group>"; };
		796100AD1B8DDBC50012A698 /* iOS_Good_PracticesTests.xctest */ = {isa = PBXFileReference; explicitFileType = wrapper.cfbundle; includeInIndex = 0; path = iOS_Good_PracticesTests.xctest; sourceTree = BUILT_PRODUCTS_DIR; };
		796100B21B8DDBC50012A698 /* Info.plist */ = {isa = PBXFileReference; lastKnownFileType = text.plist.xml; path = Info.plist; sourceTree = "<group>"; };
		796100B31B8DDBC50012A698 /* iOS_Good_PracticesTests.swift */ = {isa = PBXFileReference; lastKnownFileType = sourcecode.swift; path = iOS_Good_PracticesTests.swift; sourceTree = "<group>"; };
/* End PBXFileReference section */

/* Begin PBXFrameworksBuildPhase section */
		796100951B8DDBC50012A698 /* Frameworks */ = {
			isa = PBXFrameworksBuildPhase;
			buildActionMask = 2147483647;
			files = (
			);
			runOnlyForDeploymentPostprocessing = 0;
		};
		796100AA1B8DDBC50012A698 /* Frameworks */ = {
			isa = PBXFrameworksBuildPhase;
			buildActionMask = 2147483647;
			files = (
			);
			runOnlyForDeploymentPostprocessing = 0;
		};
/* End PBXFrameworksBuildPhase section */

/* Begin PBXGroup section */
		7961008F1B8DDBC50012A698 = {
			isa = PBXGroup;
			children = (
				7961009A1B8DDBC50012A698 /* iOS_Good_Practices */,
				796100B01B8DDBC50012A698 /* iOS_Good_PracticesTests */,
				796100991B8DDBC50012A698 /* Products */,
			);
			sourceTree = "<group>";
		};
		796100991B8DDBC50012A698 /* Products */ = {
			isa = PBXGroup;
			children = (
				796100981B8DDBC50012A698 /* iOS_Good_Practices.app */,
				796100AD1B8DDBC50012A698 /* iOS_Good_PracticesTests.xctest */,
			);
			name = Products;
			sourceTree = "<group>";
		};
		7961009A1B8DDBC50012A698 /* iOS_Good_Practices */ = {
			isa = PBXGroup;
			children = (
				7961009D1B8DDBC50012A698 /* AppDelegate.swift */,
				7961009F1B8DDBC50012A698 /* ViewController.swift */,
				796100A11B8DDBC50012A698 /* Main.storyboard */,
				796100A41B8DDBC50012A698 /* Images.xcassets */,
				796100A61B8DDBC50012A698 /* LaunchScreen.xib */,
				7961009B1B8DDBC50012A698 /* Supporting Files */,
			);
			path = iOS_Good_Practices;
			sourceTree = "<group>";
		};
		7961009B1B8DDBC50012A698 /* Supporting Files */ = {
			isa = PBXGroup;
			children = (
				7961009C1B8DDBC50012A698 /* Info.plist */,
			);
			name = "Supporting Files";
			sourceTree = "<group>";
		};
		796100B01B8DDBC50012A698 /* iOS_Good_PracticesTests */ = {
			isa = PBXGroup;
			children = (
				796100B31B8DDBC50012A698 /* iOS_Good_PracticesTests.swift */,
				796100B11B8DDBC50012A698 /* Supporting Files */,
			);
			path = iOS_Good_PracticesTests;
			sourceTree = "<group>";
		};
		796100B11B8DDBC50012A698 /* Supporting Files */ = {
			isa = PBXGroup;
			children = (
				796100B21B8DDBC50012A698 /* Info.plist */,
			);
			name = "Supporting Files";
			sourceTree = "<group>";
		};
/* End PBXGroup section */

/* Begin PBXNativeTarget section */
		796100971B8DDBC50012A698 /* iOS_Good_Practices */ = {
			isa = PBXNativeTarget;
			buildConfigurationList = 796100B71B8DDBC50012A698 /* Build configuration list for PBXNativeTarget "iOS_Good_Practices" */;
			buildPhases = (
				796100941B8DDBC50012A698 /* Sources */,
				796100951B8DDBC50012A698 /* Frameworks */,
				796100961B8DDBC50012A698 /* Resources */,
			);
			buildRules = (
			);
			dependencies = (
			);
			name = iOS_Good_Practices;
			productName = iOS_Good_Practices;
			productReference = 796100981B8DDBC50012A698 /* iOS_Good_Practices.app */;
			productType = "com.apple.product-type.application";
		};
		796100AC1B8DDBC50012A698 /* iOS_Good_PracticesTests */ = {
			isa = PBXNativeTarget;
			buildConfigurationList = 796100BA1B8DDBC50012A698 /* Build configuration list for PBXNativeTarget "iOS_Good_PracticesTests" */;
			buildPhases = (
				796100A91B8DDBC50012A698 /* Sources */,
				796100AA1B8DDBC50012A698 /* Frameworks */,
				796100AB1B8DDBC50012A698 /* Resources */,
			);
			buildRules = (
			);
			dependencies = (
				796100AF1B8DDBC50012A698 /* PBXTargetDependency */,
			);
			name = iOS_Good_PracticesTests;
			productName = iOS_Good_PracticesTests;
			productReference = 796100AD1B8DDBC50012A698 /* iOS_Good_PracticesTests.xctest */;
			productType = "com.apple.product-type.bundle.unit-test";
		};
/* End PBXNativeTarget section */

/* Begin PBXProject section */
		796100901B8DDBC50012A698 /* Project object */ = {
			isa = PBXProject;
			attributes = {
				LastUpgradeCheck = 0640;
				ORGANIZATIONNAME = KevinHM;
				TargetAttributes = {
					796100971B8DDBC50012A698 = {
						CreatedOnToolsVersion = 6.4;
					};
					796100AC1B8DDBC50012A698 = {
						CreatedOnToolsVersion = 6.4;
						TestTargetID = 796100971B8DDBC50012A698;
					};
				};
			};
			buildConfigurationList = 796100931B8DDBC50012A698 /* Build configuration list for PBXProject "iOS_Good_Practices" */;
			compatibilityVersion = "Xcode 3.2";
			developmentRegion = English;
			hasScannedForEncodings = 0;
			knownRegions = (
				en,
				Base,
			);
			mainGroup = 7961008F1B8DDBC50012A698;
			productRefGroup = 796100991B8DDBC50012A698 /* Products */;
			projectDirPath = "";
			projectRoot = "";
			targets = (
				796100971B8DDBC50012A698 /* iOS_Good_Practices */,
				796100AC1B8DDBC50012A698 /* iOS_Good_PracticesTests */,
			);
		};
/* End PBXProject section */

/* Begin PBXResourcesBuildPhase section */
		796100961B8DDBC50012A698 /* Resources */ = {
			isa = PBXResourcesBuildPhase;
			buildActionMask = 2147483647;
			files = (
				796100A31B8DDBC50012A698 /* Main.storyboard in Resources */,
				796100A81B8DDBC50012A698 /* LaunchScreen.xib in Resources */,
				796100A51B8DDBC50012A698 /* Images.xcassets in Resources */,
			);
			runOnlyForDeploymentPostprocessing = 0;
		};
		796100AB1B8DDBC50012A698 /* Resources */ = {
			isa = PBXResourcesBuildPhase;
			buildActionMask = 2147483647;
			files = (
			);
			runOnlyForDeploymentPostprocessing = 0;
		};
/* End PBXResourcesBuildPhase section */

/* Begin PBXSourcesBuildPhase section */
		796100941B8DDBC50012A698 /* Sources */ = {
			isa = PBXSourcesBuildPhase;
			buildActionMask = 2147483647;
			files = (
				796100A01B8DDBC50012A698 /* ViewController.swift in Sources */,
				7961009E1B8DDBC50012A698 /* AppDelegate.swift in Sources */,
			);
			runOnlyForDeploymentPostprocessing = 0;
		};
		796100A91B8DDBC50012A698 /* Sources */ = {
			isa = PBXSourcesBuildPhase;
			buildActionMask = 2147483647;
			files = (
				796100B41B8DDBC50012A698 /* iOS_Good_PracticesTests.swift in Sources */,
			);
			runOnlyForDeploymentPostprocessing = 0;
		};
/* End PBXSourcesBuildPhase section */

/* Begin PBXTargetDependency section */
		796100AF1B8DDBC50012A698 /* PBXTargetDependency */ = {
			isa = PBXTargetDependency;
			target = 796100971B8DDBC50012A698 /* iOS_Good_Practices */;
			targetProxy = 796100AE1B8DDBC50012A698 /* PBXContainerItemProxy */;
		};
/* End PBXTargetDependency section */

/* Begin PBXVariantGroup section */
		796100A11B8DDBC50012A698 /* Main.storyboard */ = {
			isa = PBXVariantGroup;
			children = (
				796100A21B8DDBC50012A698 /* Base */,
			);
			name = Main.storyboard;
			sourceTree = "<group>";
		};
		796100A61B8DDBC50012A698 /* LaunchScreen.xib */ = {
			isa = PBXVariantGroup;
			children = (
				796100A71B8DDBC50012A698 /* Base */,
			);
			name = LaunchScreen.xib;
			sourceTree = "<group>";
		};
/* End PBXVariantGroup section */

/* Begin XCBuildConfiguration section */
		796100B51B8DDBC50012A698 /* Debug */ = {
			isa = XCBuildConfiguration;
			buildSettings = {
				ALWAYS_SEARCH_USER_PATHS = NO;
				CLANG_CXX_LANGUAGE_STANDARD = "gnu++0x";
				CLANG_CXX_LIBRARY = "libc++";
				CLANG_ENABLE_MODULES = YES;
				CLANG_ENABLE_OBJC_ARC = YES;
				CLANG_WARN_BOOL_CONVERSION = YES;
				CLANG_WARN_CONSTANT_CONVERSION = YES;
				CLANG_WARN_DIRECT_OBJC_ISA_USAGE = YES_ERROR;
				CLANG_WARN_EMPTY_BODY = YES;
				CLANG_WARN_ENUM_CONVERSION = YES;
				CLANG_WARN_INT_CONVERSION = YES;
				CLANG_WARN_OBJC_ROOT_CLASS = YES_ERROR;
				CLANG_WARN_UNREACHABLE_CODE = YES;
				CLANG_WARN__DUPLICATE_METHOD_MATCH = YES;
				"CODE_SIGN_IDENTITY[sdk=iphoneos*]" = "iPhone Developer";
				COPY_PHASE_STRIP = NO;
				DEBUG_INFORMATION_FORMAT = "dwarf-with-dsym";
				ENABLE_STRICT_OBJC_MSGSEND = YES;
				GCC_C_LANGUAGE_STANDARD = gnu99;
				GCC_DYNAMIC_NO_PIC = NO;
				GCC_NO_COMMON_BLOCKS = YES;
				GCC_OPTIMIZATION_LEVEL = 0;
				GCC_PREPROCESSOR_DEFINITIONS = (
					"DEBUG=1",
					"$(inherited)",
				);
				GCC_SYMBOLS_PRIVATE_EXTERN = NO;
				GCC_WARN_64_TO_32_BIT_CONVERSION = YES;
				GCC_WARN_ABOUT_RETURN_TYPE = YES_ERROR;
				GCC_WARN_UNDECLARED_SELECTOR = YES;
				GCC_WARN_UNINITIALIZED_AUTOS = YES_AGGRESSIVE;
				GCC_WARN_UNUSED_FUNCTION = YES;
				GCC_WARN_UNUSED_VARIABLE = YES;
				IPHONEOS_DEPLOYMENT_TARGET = 8.4;
				MTL_ENABLE_DEBUG_INFO = YES;
				ONLY_ACTIVE_ARCH = YES;
				SDKROOT = iphoneos;
				SWIFT_OPTIMIZATION_LEVEL = "-Onone";
			};
			name = Debug;
		};
		796100B61B8DDBC50012A698 /* Release */ = {
			isa = XCBuildConfiguration;
			buildSettings = {
				ALWAYS_SEARCH_USER_PATHS = NO;
				CLANG_CXX_LANGUAGE_STANDARD = "gnu++0x";
				CLANG_CXX_LIBRARY = "libc++";
				CLANG_ENABLE_MODULES = YES;
				CLANG_ENABLE_OBJC_ARC = YES;
				CLANG_WARN_BOOL_CONVERSION = YES;
				CLANG_WARN_CONSTANT_CONVERSION = YES;
				CLANG_WARN_DIRECT_OBJC_ISA_USAGE = YES_ERROR;
				CLANG_WARN_EMPTY_BODY = YES;
				CLANG_WARN_ENUM_CONVERSION = YES;
				CLANG_WARN_INT_CONVERSION = YES;
				CLANG_WARN_OBJC_ROOT_CLASS = YES_ERROR;
				CLANG_WARN_UNREACHABLE_CODE = YES;
				CLANG_WARN__DUPLICATE_METHOD_MATCH = YES;
				"CODE_SIGN_IDENTITY[sdk=iphoneos*]" = "iPhone Developer";
				COPY_PHASE_STRIP = NO;
				DEBUG_INFORMATION_FORMAT = "dwarf-with-dsym";
				ENABLE_NS_ASSERTIONS = NO;
				ENABLE_STRICT_OBJC_MSGSEND = YES;
				GCC_C_LANGUAGE_STANDARD = gnu99;
				GCC_NO_COMMON_BLOCKS = YES;
				GCC_WARN_64_TO_32_BIT_CONVERSION = YES;
				GCC_WARN_ABOUT_RETURN_TYPE = YES_ERROR;
				GCC_WARN_UNDECLARED_SELECTOR = YES;
				GCC_WARN_UNINITIALIZED_AUTOS = YES_AGGRESSIVE;
				GCC_WARN_UNUSED_FUNCTION = YES;
				GCC_WARN_UNUSED_VARIABLE = YES;
				IPHONEOS_DEPLOYMENT_TARGET = 8.4;
				MTL_ENABLE_DEBUG_INFO = NO;
				SDKROOT = iphoneos;
				VALIDATE_PRODUCT = YES;
			};
			name = Release;
		};
		796100B81B8DDBC50012A698 /* Debug */ = {
			isa = XCBuildConfiguration;
			buildSettings = {
				ASSETCATALOG_COMPILER_APPICON_NAME = AppIcon;
				INFOPLIST_FILE = iOS_Good_Practices/Info.plist;
				LD_RUNPATH_SEARCH_PATHS = "$(inherited) @executable_path/Frameworks";
				PRODUCT_NAME = "$(TARGET_NAME)";
			};
			name = Debug;
		};
		796100B91B8DDBC50012A698 /* Release */ = {
			isa = XCBuildConfiguration;
			buildSettings = {
				ASSETCATALOG_COMPILER_APPICON_NAME = AppIcon;
				INFOPLIST_FILE = iOS_Good_Practices/Info.plist;
				LD_RUNPATH_SEARCH_PATHS = "$(inherited) @executable_path/Frameworks";
				PRODUCT_NAME = "$(TARGET_NAME)";
			};
			name = Release;
		};
		796100BB1B8DDBC50012A698 /* Debug */ = {
			isa = XCBuildConfiguration;
			buildSettings = {
				BUNDLE_LOADER = "$(TEST_HOST)";
				FRAMEWORK_SEARCH_PATHS = (
					"$(SDKROOT)/Developer/Library/Frameworks",
					"$(inherited)",
				);
				GCC_PREPROCESSOR_DEFINITIONS = (
					"DEBUG=1",
					"$(inherited)",
				);
				INFOPLIST_FILE = iOS_Good_PracticesTests/Info.plist;
				LD_RUNPATH_SEARCH_PATHS = "$(inherited) @executable_path/Frameworks @loader_path/Frameworks";
				PRODUCT_NAME = "$(TARGET_NAME)";
				TEST_HOST = "$(BUILT_PRODUCTS_DIR)/iOS_Good_Practices.app/iOS_Good_Practices";
			};
			name = Debug;
		};
		796100BC1B8DDBC50012A698 /* Release */ = {
			isa = XCBuildConfiguration;
			buildSettings = {
				BUNDLE_LOADER = "$(TEST_HOST)";
				FRAMEWORK_SEARCH_PATHS = (
					"$(SDKROOT)/Developer/Library/Frameworks",
					"$(inherited)",
				);
				INFOPLIST_FILE = iOS_Good_PracticesTests/Info.plist;
				LD_RUNPATH_SEARCH_PATHS = "$(inherited) @executable_path/Frameworks @loader_path/Frameworks";
				PRODUCT_NAME = "$(TARGET_NAME)";
				TEST_HOST = "$(BUILT_PRODUCTS_DIR)/iOS_Good_Practices.app/iOS_Good_Practices";
			};
			name = Release;
		};
/* End XCBuildConfiguration section */

/* Begin XCConfigurationList section */
		796100931B8DDBC50012A698 /* Build configuration list for PBXProject "iOS_Good_Practices" */ = {
			isa = XCConfigurationList;
			buildConfigurations = (
				796100B51B8DDBC50012A698 /* Debug */,
				796100B61B8DDBC50012A698 /* Release */,
			);
			defaultConfigurationIsVisible = 0;
			defaultConfigurationName = Release;
		};
		796100B71B8DDBC50012A698 /* Build configuration list for PBXNativeTarget "iOS_Good_Practices" */ = {
			isa = XCConfigurationList;
			buildConfigurations = (
				796100B81B8DDBC50012A698 /* Debug */,
				796100B91B8DDBC50012A698 /* Release */,
			);
			defaultConfigurationIsVisible = 0;
		};
		796100BA1B8DDBC50012A698 /* Build configuration list for PBXNativeTarget "iOS_Good_PracticesTests" */ = {
			isa = XCConfigurationList;
			buildConfigurations = (
				796100BB1B8DDBC50012A698 /* Debug */,
				796100BC1B8DDBC50012A698 /* Release */,
			);
			defaultConfigurationIsVisible = 0;
		};
/* End XCConfigurationList section */
	};
	rootObject = 796100901B8DDBC50012A698 /* Project object */;
}
